
Microsoft Visual Studio Solution File, Format Version 12.00
# Visual Studio Version 17
VisualStudioVersion = 17.4.33213.308
MinimumVisualStudioVersion = 10.0.40219.1
Project("{9A19103F-16F7-4668-BE54-9A1E7A4F7556}") = "LMS", "LMS\LMS.csproj", "{BD3D51EC-61E8-4DF9-A465-5B7FF487E28E}"
EndProject
Project("{9A19103F-16F7-4668-BE54-9A1E7A4F7556}") = "LMS.Git", "LMS.Git\LMS.Git.csproj", "{34F5D6C0-9D5B-4AA3-9C78-5D7AB2613975}"
EndProject
Project("{E53339B2-1760-4266-BCC7-CA923CBCF16C}") = "docker-compose", "docker-compose.dcproj", "{700FDA66-7234-4FCF-BE80-13D25BE792A3}"
EndProject
Global
	GlobalSection(SolutionConfigurationPlatforms) = preSolution
		Debug|Any CPU = Debug|Any CPU
		Release|Any CPU = Release|Any CPU
	EndGlobalSection
	GlobalSection(ProjectConfigurationPlatforms) = postSolution
		{BD3D51EC-61E8-4DF9-A465-5B7FF487E28E}.Debug|Any CPU.ActiveCfg = Debug|Any CPU
		{BD3D51EC-61E8-4DF9-A465-5B7FF487E28E}.Debug|Any CPU.Build.0 = Debug|Any CPU
		{BD3D51EC-61E8-4DF9-A465-5B7FF487E28E}.Release|Any CPU.ActiveCfg = Release|Any CPU
		{BD3D51EC-61E8-4DF9-A465-5B7FF487E28E}.Release|Any CPU.Build.0 = Release|Any CPU
		{34F5D6C0-9D5B-4AA3-9C78-5D7AB2613975}.Debug|Any CPU.ActiveCfg = Debug|Any CPU
		{34F5D6C0-9D5B-4AA3-9C78-5D7AB2613975}.Debug|Any CPU.Build.0 = Debug|Any CPU
		{34F5D6C0-9D5B-4AA3-9C78-5D7AB2613975}.Release|Any CPU.ActiveCfg = Release|Any CPU
		{34F5D6C0-9D5B-4AA3-9C78-5D7AB2613975}.Release|Any CPU.Build.0 = Release|Any CPU
		{700FDA66-7234-4FCF-BE80-13D25BE792A3}.Debug|Any CPU.ActiveCfg = Debug|Any CPU
		{700FDA66-7234-4FCF-BE80-13D25BE792A3}.Debug|Any CPU.Build.0 = Debug|Any CPU
		{700FDA66-7234-4FCF-BE80-13D25BE792A3}.Release|Any CPU.ActiveCfg = Release|Any CPU
		{700FDA66-7234-4FCF-BE80-13D25BE792A3}.Release|Any CPU.Build.0 = Release|Any CPU
	EndGlobalSection
	GlobalSection(SolutionProperties) = preSolution
		HideSolutionNode = FALSE
	EndGlobalSection
	GlobalSection(ExtensibilityGlobals) = postSolution
		SolutionGuid = {2F61536C-7469-4931-B957-0492AB8333E3}
	EndGlobalSection
EndGlobal
